
Microsoft Visual Studio Solution File, Format Version 12.00
# Visual Studio Version 17
VisualStudioVersion = 17.8.34330.188
MinimumVisualStudioVersion = 10.0.40219.1
Project("{2150E333-8FDC-42A3-9474-1A3956D46DE8}") = "1.Domain", "1.Domain", "{46093F71-53DB-4A84-BC12-643266AD99B9}"
EndProject
Project("{2150E333-8FDC-42A3-9474-1A3956D46DE8}") = "2.Application", "2.Application", "{1302C44D-346F-4F9F-99C4-8716259A22F9}"
EndProject
Project("{2150E333-8FDC-42A3-9474-1A3956D46DE8}") = "3..Persistence", "3..Persistence", "{812A9FA0-2E3C-43D8-BBF5-043ECAC15A43}"
EndProject
Project("{2150E333-8FDC-42A3-9474-1A3956D46DE8}") = "4.Infrastructure", "4.Infrastructure", "{9E8DA795-3253-4441-99B9-E520EAE45934}"
EndProject
Project("{2150E333-8FDC-42A3-9474-1A3956D46DE8}") = "5.WebApi", "5.WebApi", "{AF679BFB-91AD-4C24-948D-3FB3B637B9E4}"
EndProject
Project("{9A19103F-16F7-4668-BE54-9A1E7A4F7556}") = "CD.Domain", "1.Domain\CD.Domain\CD.Domain.csproj", "{DD5D9103-DD37-4562-A65E-7632565FF322}"
EndProject
Project("{FAE04EC0-301F-11D3-BF4B-00C04F79EFBC}") = "CD.Application", "2.Application\CD.Application\CD.Application.csproj", "{BDA603CC-8511-4810-823D-ED6F6619FF53}"
EndProject
Project("{FAE04EC0-301F-11D3-BF4B-00C04F79EFBC}") = "CD.Infrastructure", "4.Infrastructure\CD.Infrastructure\CD.Infrastructure.csproj", "{6D290EAE-1B75-4914-A076-AF72AEB088BC}"
EndProject
Project("{FAE04EC0-301F-11D3-BF4B-00C04F79EFBC}") = "CD.Persistence", "3.Persistence\CD.Persistence\CD.Persistence.csproj", "{EE01F4C7-5E98-4D91-987E-26A1A4B242C2}"
EndProject
Project("{FAE04EC0-301F-11D3-BF4B-00C04F79EFBC}") = "CD.WebApi", "5.WebApi\CD.WebApi\CD.WebApi.csproj", "{F452377C-F622-4931-A0EC-5CD89DA2AE10}"
EndProject
Project("{E53339B2-1760-4266-BCC7-CA923CBCF16C}") = "docker-compose", "docker-compose.dcproj", "{C09A229E-D05E-4D2C-BC64-ED9994BDB58F}"
EndProject
Global
	GlobalSection(SolutionConfigurationPlatforms) = preSolution
		Debug|Any CPU = Debug|Any CPU
		Release|Any CPU = Release|Any CPU
	EndGlobalSection
	GlobalSection(ProjectConfigurationPlatforms) = postSolution
		{DD5D9103-DD37-4562-A65E-7632565FF322}.Debug|Any CPU.ActiveCfg = Debug|Any CPU
		{DD5D9103-DD37-4562-A65E-7632565FF322}.Debug|Any CPU.Build.0 = Debug|Any CPU
		{DD5D9103-DD37-4562-A65E-7632565FF322}.Release|Any CPU.ActiveCfg = Release|Any CPU
		{DD5D9103-DD37-4562-A65E-7632565FF322}.Release|Any CPU.Build.0 = Release|Any CPU
		{BDA603CC-8511-4810-823D-ED6F6619FF53}.Debug|Any CPU.ActiveCfg = Debug|Any CPU
		{BDA603CC-8511-4810-823D-ED6F6619FF53}.Debug|Any CPU.Build.0 = Debug|Any CPU
		{BDA603CC-8511-4810-823D-ED6F6619FF53}.Release|Any CPU.ActiveCfg = Release|Any CPU
		{BDA603CC-8511-4810-823D-ED6F6619FF53}.Release|Any CPU.Build.0 = Release|Any CPU
		{6D290EAE-1B75-4914-A076-AF72AEB088BC}.Debug|Any CPU.ActiveCfg = Debug|Any CPU
		{6D290EAE-1B75-4914-A076-AF72AEB088BC}.Debug|Any CPU.Build.0 = Debug|Any CPU
		{6D290EAE-1B75-4914-A076-AF72AEB088BC}.Release|Any CPU.ActiveCfg = Release|Any CPU
		{6D290EAE-1B75-4914-A076-AF72AEB088BC}.Release|Any CPU.Build.0 = Release|Any CPU
		{EE01F4C7-5E98-4D91-987E-26A1A4B242C2}.Debug|Any CPU.ActiveCfg = Debug|Any CPU
		{EE01F4C7-5E98-4D91-987E-26A1A4B242C2}.Debug|Any CPU.Build.0 = Debug|Any CPU
		{EE01F4C7-5E98-4D91-987E-26A1A4B242C2}.Release|Any CPU.ActiveCfg = Release|Any CPU
		{EE01F4C7-5E98-4D91-987E-26A1A4B242C2}.Release|Any CPU.Build.0 = Release|Any CPU
		{F452377C-F622-4931-A0EC-5CD89DA2AE10}.Debug|Any CPU.ActiveCfg = Debug|Any CPU
		{F452377C-F622-4931-A0EC-5CD89DA2AE10}.Debug|Any CPU.Build.0 = Debug|Any CPU
		{F452377C-F622-4931-A0EC-5CD89DA2AE10}.Release|Any CPU.ActiveCfg = Release|Any CPU
		{F452377C-F622-4931-A0EC-5CD89DA2AE10}.Release|Any CPU.Build.0 = Release|Any CPU
		{C09A229E-D05E-4D2C-BC64-ED9994BDB58F}.Debug|Any CPU.ActiveCfg = Debug|Any CPU
		{C09A229E-D05E-4D2C-BC64-ED9994BDB58F}.Debug|Any CPU.Build.0 = Debug|Any CPU
		{C09A229E-D05E-4D2C-BC64-ED9994BDB58F}.Release|Any CPU.ActiveCfg = Release|Any CPU
		{C09A229E-D05E-4D2C-BC64-ED9994BDB58F}.Release|Any CPU.Build.0 = Release|Any CPU
	EndGlobalSection
	GlobalSection(SolutionProperties) = preSolution
		HideSolutionNode = FALSE
	EndGlobalSection
	GlobalSection(NestedProjects) = preSolution
		{DD5D9103-DD37-4562-A65E-7632565FF322} = {46093F71-53DB-4A84-BC12-643266AD99B9}
		{BDA603CC-8511-4810-823D-ED6F6619FF53} = {1302C44D-346F-4F9F-99C4-8716259A22F9}
		{6D290EAE-1B75-4914-A076-AF72AEB088BC} = {9E8DA795-3253-4441-99B9-E520EAE45934}
		{EE01F4C7-5E98-4D91-987E-26A1A4B242C2} = {812A9FA0-2E3C-43D8-BBF5-043ECAC15A43}
		{F452377C-F622-4931-A0EC-5CD89DA2AE10} = {AF679BFB-91AD-4C24-948D-3FB3B637B9E4}
	EndGlobalSection
	GlobalSection(ExtensibilityGlobals) = postSolution
		SolutionGuid = {C9E8FC17-DD15-44CA-A17D-86BE8B92AB24}
	EndGlobalSection
EndGlobal
