
Microsoft Visual Studio Solution File, Format Version 12.00
# Visual Studio Version 17
VisualStudioVersion = 17.8.34330.188
MinimumVisualStudioVersion = 10.0.40219.1
Project("{2150E333-8FDC-42A3-9474-1A3956D46DE8}") = "1.Domain", "1.Domain", "{46093F71-53DB-4A84-BC12-643266AD99B9}"
EndProject
Project("{2150E333-8FDC-42A3-9474-1A3956D46DE8}") = "2.Application", "2.Application", "{1302C44D-346F-4F9F-99C4-8716259A22F9}"
EndProject
Project("{2150E333-8FDC-42A3-9474-1A3956D46DE8}") = "3..Persistence", "3..Persistence", "{812A9FA0-2E3C-43D8-BBF5-043ECAC15A43}"
EndProject
Project("{2150E333-8FDC-42A3-9474-1A3956D46DE8}") = "4.Infrastructure", "4.Infrastructure", "{9E8DA795-3253-4441-99B9-E520EAE45934}"
EndProject
Project("{2150E333-8FDC-42A3-9474-1A3956D46DE8}") = "5.WebApi", "5.WebApi", "{AF679BFB-91AD-4C24-948D-3FB3B637B9E4}"
EndProject
Project("{E53339B2-1760-4266-BCC7-CA923CBCF16C}") = "docker-compose", "docker-compose.dcproj", "{C09A229E-D05E-4D2C-BC64-ED9994BDB58F}"
EndProject
Project("{9A19103F-16F7-4668-BE54-9A1E7A4F7556}") = "Domain", "1.Domain\Domain\Domain.csproj", "{5C5F18CC-AF96-46C2-960C-2AC2100A4C26}"
EndProject
Project("{9A19103F-16F7-4668-BE54-9A1E7A4F7556}") = "Application", "2.Application\Application\Application.csproj", "{9AA7ADB8-BB4A-4FA1-A851-6ED24647531A}"
EndProject
Project("{9A19103F-16F7-4668-BE54-9A1E7A4F7556}") = "Persistence", "3.Persistence\Persistence\Persistence.csproj", "{2718CE50-D87A-4810-A870-5072E79C466D}"
EndProject
Project("{9A19103F-16F7-4668-BE54-9A1E7A4F7556}") = "Infrastructure", "4.Infrastructure\Infrastructure\Infrastructure.csproj", "{77DA92BC-3DAD-47E2-B4B1-81CC644DBA6C}"
EndProject
Project("{9A19103F-16F7-4668-BE54-9A1E7A4F7556}") = "WebApi", "5.WebApi\WebApi\WebApi.csproj", "{84B79B7E-37DE-4C68-A5F9-B5C4C728D28C}"
EndProject
Project("{2150E333-8FDC-42A3-9474-1A3956D46DE8}") = "0.SharedKernel", "0.SharedKernel", "{217FA7E2-2FA6-4459-B0F9-B69E13FBFF2E}"
EndProject
Project("{FAE04EC0-301F-11D3-BF4B-00C04F79EFBC}") = "SharedKernel", "0.SharedKernel\SharedKernel\SharedKernel.csproj", "{19EA6C21-F4FF-45F8-BE45-72ED4275355E}"
EndProject
Global
	GlobalSection(SolutionConfigurationPlatforms) = preSolution
		Debug|Any CPU = Debug|Any CPU
		Release|Any CPU = Release|Any CPU
	EndGlobalSection
	GlobalSection(ProjectConfigurationPlatforms) = postSolution
		{C09A229E-D05E-4D2C-BC64-ED9994BDB58F}.Debug|Any CPU.ActiveCfg = Debug|Any CPU
		{C09A229E-D05E-4D2C-BC64-ED9994BDB58F}.Debug|Any CPU.Build.0 = Debug|Any CPU
		{C09A229E-D05E-4D2C-BC64-ED9994BDB58F}.Release|Any CPU.ActiveCfg = Release|Any CPU
		{C09A229E-D05E-4D2C-BC64-ED9994BDB58F}.Release|Any CPU.Build.0 = Release|Any CPU
		{5C5F18CC-AF96-46C2-960C-2AC2100A4C26}.Debug|Any CPU.ActiveCfg = Debug|Any CPU
		{5C5F18CC-AF96-46C2-960C-2AC2100A4C26}.Debug|Any CPU.Build.0 = Debug|Any CPU
		{5C5F18CC-AF96-46C2-960C-2AC2100A4C26}.Release|Any CPU.ActiveCfg = Release|Any CPU
		{5C5F18CC-AF96-46C2-960C-2AC2100A4C26}.Release|Any CPU.Build.0 = Release|Any CPU
		{9AA7ADB8-BB4A-4FA1-A851-6ED24647531A}.Debug|Any CPU.ActiveCfg = Debug|Any CPU
		{9AA7ADB8-BB4A-4FA1-A851-6ED24647531A}.Debug|Any CPU.Build.0 = Debug|Any CPU
		{9AA7ADB8-BB4A-4FA1-A851-6ED24647531A}.Release|Any CPU.ActiveCfg = Release|Any CPU
		{9AA7ADB8-BB4A-4FA1-A851-6ED24647531A}.Release|Any CPU.Build.0 = Release|Any CPU
		{2718CE50-D87A-4810-A870-5072E79C466D}.Debug|Any CPU.ActiveCfg = Debug|Any CPU
		{2718CE50-D87A-4810-A870-5072E79C466D}.Debug|Any CPU.Build.0 = Debug|Any CPU
		{2718CE50-D87A-4810-A870-5072E79C466D}.Release|Any CPU.ActiveCfg = Release|Any CPU
		{2718CE50-D87A-4810-A870-5072E79C466D}.Release|Any CPU.Build.0 = Release|Any CPU
		{77DA92BC-3DAD-47E2-B4B1-81CC644DBA6C}.Debug|Any CPU.ActiveCfg = Debug|Any CPU
		{77DA92BC-3DAD-47E2-B4B1-81CC644DBA6C}.Debug|Any CPU.Build.0 = Debug|Any CPU
		{77DA92BC-3DAD-47E2-B4B1-81CC644DBA6C}.Release|Any CPU.ActiveCfg = Release|Any CPU
		{77DA92BC-3DAD-47E2-B4B1-81CC644DBA6C}.Release|Any CPU.Build.0 = Release|Any CPU
		{84B79B7E-37DE-4C68-A5F9-B5C4C728D28C}.Debug|Any CPU.ActiveCfg = Debug|Any CPU
		{84B79B7E-37DE-4C68-A5F9-B5C4C728D28C}.Debug|Any CPU.Build.0 = Debug|Any CPU
		{84B79B7E-37DE-4C68-A5F9-B5C4C728D28C}.Release|Any CPU.ActiveCfg = Release|Any CPU
		{84B79B7E-37DE-4C68-A5F9-B5C4C728D28C}.Release|Any CPU.Build.0 = Release|Any CPU
		{19EA6C21-F4FF-45F8-BE45-72ED4275355E}.Debug|Any CPU.ActiveCfg = Debug|Any CPU
		{19EA6C21-F4FF-45F8-BE45-72ED4275355E}.Debug|Any CPU.Build.0 = Debug|Any CPU
		{19EA6C21-F4FF-45F8-BE45-72ED4275355E}.Release|Any CPU.ActiveCfg = Release|Any CPU
		{19EA6C21-F4FF-45F8-BE45-72ED4275355E}.Release|Any CPU.Build.0 = Release|Any CPU
	EndGlobalSection
	GlobalSection(SolutionProperties) = preSolution
		HideSolutionNode = FALSE
	EndGlobalSection
	GlobalSection(NestedProjects) = preSolution
		{5C5F18CC-AF96-46C2-960C-2AC2100A4C26} = {46093F71-53DB-4A84-BC12-643266AD99B9}
		{9AA7ADB8-BB4A-4FA1-A851-6ED24647531A} = {1302C44D-346F-4F9F-99C4-8716259A22F9}
		{2718CE50-D87A-4810-A870-5072E79C466D} = {812A9FA0-2E3C-43D8-BBF5-043ECAC15A43}
		{77DA92BC-3DAD-47E2-B4B1-81CC644DBA6C} = {9E8DA795-3253-4441-99B9-E520EAE45934}
		{84B79B7E-37DE-4C68-A5F9-B5C4C728D28C} = {AF679BFB-91AD-4C24-948D-3FB3B637B9E4}
		{19EA6C21-F4FF-45F8-BE45-72ED4275355E} = {217FA7E2-2FA6-4459-B0F9-B69E13FBFF2E}
	EndGlobalSection
	GlobalSection(ExtensibilityGlobals) = postSolution
		SolutionGuid = {C9E8FC17-DD15-44CA-A17D-86BE8B92AB24}
	EndGlobalSection
EndGlobal
